<?xml version="1.0" encoding="utf-8"?>
<Project ToolsVersion="4.0" xmlns="http://schemas.microsoft.com/developer/msbuild/2003">
  <ItemGroup>
    <Filter Include="Source Files">
      <UniqueIdentifier>{4FC737F1-C7A5-4376-A066-2A32D752A2FF}</UniqueIdentifier>
      <Extensions>cpp;c;cc;cxx;def;odl;idl;hpj;bat;asm;asmx</Extensions>
    </Filter>
    <Filter Include="Header Files">
      <UniqueIdentifier>{93995380-89BD-4b04-88EB-625FBE52EBFB}</UniqueIdentifier>
      <Extensions>h;hh;hpp;hxx;hm;inl;inc;xsd</Extensions>
    </Filter>
    <Filter Include="Resource Files">
      <UniqueIdentifier>{67DA6AB6-F800-4c08-8B7A-83BB121AAD01}</UniqueIdentifier>
      <Extensions>rc;ico;cur;bmp;dlg;rc2;rct;bin;rgs;gif;jpg;jpeg;jpe;resx;tiff;tif;png;wav;mfcribbon-ms</Extensions>
    </Filter>
  </ItemGroup>
  <ItemGroup>
    <ClCompile Include="GLee.c">
      <Filter>Source Files</Filter>
    </ClCompile>
    <ClCompile Include="main.cpp">
      <Filter>Source Files</Filter>
    </ClCompile>
    <ClCompile Include="BezierCurve.cpp">
      <Filter>Source Files</Filter>
    </ClCompile>
    <ClCompile Include="BezierPatch.cpp">
      <Filter>Source Files</Filter>
    </ClCompile>
    <ClCompile Include="Cubemap.cpp">
      <Filter>Source Files</Filter>
    </ClCompile>
    <ClCompile Include="Matrix4.cpp">
      <Filter>Source Files</Filter>
    </ClCompile>
    <ClCompile Include="Shader.cpp">
      <Filter>Source Files</Filter>
    </ClCompile>
    <ClCompile Include="Vector3.cpp">
      <Filter>Source Files</Filter>
    </ClCompile>
    <ClCompile Include="Vector4.cpp">
      <Filter>Source Files</Filter>
    </ClCompile>
    <ClCompile Include="SGGeode.cpp">
      <Filter>Source Files</Filter>
    </ClCompile>
    <ClCompile Include="SGGroup.cpp">
      <Filter>Source Files</Filter>
    </ClCompile>
    <ClCompile Include="SGMatrixTransform.cpp">
      <Filter>Source Files</Filter>
    </ClCompile>
    <ClCompile Include="SGNode.cpp">
      <Filter>Source Files</Filter>
    </ClCompile>
    <ClCompile Include="Camera.cpp">
      <Filter>Source Files</Filter>
    </ClCompile>
    <ClCompile Include="Light.cpp">
      <Filter>Source Files</Filter>
    </ClCompile>
    <ClCompile Include="Material.cpp">
      <Filter>Source Files</Filter>
    </ClCompile>
    <ClCompile Include="PiecewiseCurve.cpp">
      <Filter>Source Files</Filter>
    </ClCompile>
    <ClCompile Include="Particle.cpp">
      <Filter>Source Files</Filter>
    </ClCompile>
    <ClCompile Include="CreateSkyscrapper.cpp">
      <Filter>Source Files</Filter>
    </ClCompile>
    <ClCompile Include="Particles.cpp">
      <Filter>Source Files</Filter>
    </ClCompile>
    <ClCompile Include="RoadGrid.cpp">
      <Filter>Source Files</Filter>
    </ClCompile>
    <ClCompile Include="Building.cpp">
      <Filter>Source Files</Filter>
    </ClCompile>
    <ClCompile Include="BoundingBox.cpp">
      <Filter>Source Files</Filter>
    </ClCompile>
    <ClCompile Include="BoundingSphere.cpp">
      <Filter>Source Files</Filter>
    </ClCompile>
  </ItemGroup>
  <ItemGroup>
    <ClInclude Include="GLee.h">
      <Filter>Header Files</Filter>
    </ClInclude>
    <ClInclude Include="BezierCurve.h">
      <Filter>Header Files</Filter>
    </ClInclude>
    <ClInclude Include="BezierPatch.h">
      <Filter>Header Files</Filter>
    </ClInclude>
    <ClInclude Include="Cubemap.h">
      <Filter>Header Files</Filter>
    </ClInclude>
    <ClInclude Include="Matrix4.h">
      <Filter>Header Files</Filter>
    </ClInclude>
    <ClInclude Include="Shader.h">
      <Filter>Header Files</Filter>
    </ClInclude>
    <ClInclude Include="Vector3.h">
      <Filter>Header Files</Filter>
    </ClInclude>
    <ClInclude Include="Vector4.h">
      <Filter>Header Files</Filter>
    </ClInclude>
    <ClInclude Include="SGGeode.h">
      <Filter>Header Files</Filter>
    </ClInclude>
    <ClInclude Include="SGGroup.h">
      <Filter>Header Files</Filter>
    </ClInclude>
    <ClInclude Include="SGMatrixTransform.h">
      <Filter>Header Files</Filter>
    </ClInclude>
    <ClInclude Include="SGNode.h">
      <Filter>Header Files</Filter>
    </ClInclude>
    <ClInclude Include="Camera.h">
      <Filter>Header Files</Filter>
    </ClInclude>
    <ClInclude Include="Light.h">
      <Filter>Header Files</Filter>
    </ClInclude>
    <ClInclude Include="Material.h">
      <Filter>Header Files</Filter>
    </ClInclude>
    <ClInclude Include="PiecewiseCurve.h">
      <Filter>Header Files</Filter>
    </ClInclude>
    <ClInclude Include="Particle.h">
      <Filter>Header Files</Filter>
    </ClInclude>
    <ClInclude Include="CreateSkyscrapper.h">
      <Filter>Header Files</Filter>
    </ClInclude>
    <ClInclude Include="Particles.h">
      <Filter>Header Files</Filter>
    </ClInclude>
    <ClInclude Include="RoadGrid.h">
      <Filter>Header Files</Filter>
    </ClInclude>
    <ClInclude Include="Building.h">
      <Filter>Header Files</Filter>
    </ClInclude>
    <ClInclude Include="BoundingBox.h">
      <Filter>Header Files</Filter>
    </ClInclude>
    <ClInclude Include="BoundingSphere.h">
      <Filter>Header Files</Filter>
    </ClInclude>
  </ItemGroup>
  <ItemGroup>
    <None Include="..\shaders\sky.frag">
      <Filter>Resource Files</Filter>
    </None>
    <None Include="..\shaders\sky.vert">
      <Filter>Resource Files</Filter>
    </None>
    <None Include="..\res\textures\calm_back.raw">
      <Filter>Resource Files</Filter>
    </None>
    <None Include="..\res\textures\calm_bottom.raw">
      <Filter>Resource Files</Filter>
    </None>
    <None Include="..\res\textures\calm_front.raw">
      <Filter>Resource Files</Filter>
    </None>
    <None Include="..\res\textures\calm_left.raw">
      <Filter>Resource Files</Filter>
    </None>
    <None Include="..\res\textures\calm_right.raw">
      <Filter>Resource Files</Filter>
    </None>
    <None Include="..\res\textures\calm_top.raw">
      <Filter>Resource Files</Filter>
    </None>
    <None Include="..\res\textures\road.raw">
      <Filter>Resource Files</Filter>
    </None>
    <None Include="..\res\textures\roadEmpty.raw">
      <Filter>Resource Files</Filter>
    </None>
    <None Include="..\res\textures\roadT.raw">
      <Filter>Resource Files</Filter>
    </None>
    <None Include="..\res\textures\roadTurn.raw">
      <Filter>Resource Files</Filter>
    </None>
    <None Include="..\res\textures\roadTurnLarge.raw">
      <Filter>Resource Files</Filter>
    </None>
    <None Include="..\res\textures\roadX.raw">
      <Filter>Resource Files</Filter>
    </None>
    <None Include="..\shaders\texture2D.frag">
      <Filter>Resource Files</Filter>
    </None>
    <None Include="..\shaders\texture2D.vert">
      <Filter>Resource Files</Filter>
    </None>
    <None Include="..\res\textures\road.ppm">
      <Filter>Resource Files</Filter>
    </None>
    <None Include="..\res\textures\roadEmpty.ppm">
      <Filter>Resource Files</Filter>
    </None>
    <None Include="..\res\textures\roadT.ppm">
      <Filter>Resource Files</Filter>
    </None>
    <None Include="..\res\textures\roadTurn.ppm">
      <Filter>Resource Files</Filter>
    </None>
    <None Include="..\res\textures\roadTurnLarge.ppm">
      <Filter>Resource Files</Filter>
    </None>
    <None Include="..\res\textures\roadX.ppm">
      <Filter>Resource Files</Filter>
    </None>
  </ItemGroup>
</Project>